
Microsoft Visual Studio Solution File, Format Version 12.00
# Visual Studio Version 16
VisualStudioVersion = 16.0.31424.327
MinimumVisualStudioVersion = 10.0.40219.1
Project("{FAE04EC0-301F-11D3-BF4B-00C04F79EFBC}") = "MyApiSample", "MyApiSample.csproj", "{AEA75566-B909-43E9-9C9F-6BB710616589}"
EndProject
Global
	GlobalSection(SolutionConfigurationPlatforms) = preSolution
		Debug|Any CPU = Debug|Any CPU
		Release|Any CPU = Release|Any CPU
	EndGlobalSection
	GlobalSection(ProjectConfigurationPlatforms) = postSolution
		{AEA75566-B909-43E9-9C9F-6BB710616589}.Debug|Any CPU.ActiveCfg = Debug|Any CPU
		{AEA75566-B909-43E9-9C9F-6BB710616589}.Debug|Any CPU.Build.0 = Debug|Any CPU
		{AEA75566-B909-43E9-9C9F-6BB710616589}.Release|Any CPU.ActiveCfg = Release|Any CPU
		{AEA75566-B909-43E9-9C9F-6BB710616589}.Release|Any CPU.Build.0 = Release|Any CPU
	EndGlobalSection
	GlobalSection(SolutionProperties) = preSolution
		HideSolutionNode = FALSE
	EndGlobalSection
	GlobalSection(ExtensibilityGlobals) = postSolution
		SolutionGuid = {2AAB1B9D-A938-4951-A77C-E14E35951589}
	EndGlobalSection
EndGlobal
